
Microsoft Visual Studio Solution File, Format Version 12.00
# Visual Studio 14
VisualStudioVersion = 14.0.25420.1
MinimumVisualStudioVersion = 10.0.40219.1
Project("{F184B08F-C81C-45F6-A57F-5ABD9991F28F}") = "bladuke_caffeineAbsorption_classwork", "bladuke_caffeineAbsorption_classwork\bladuke_caffeineAbsorption_classwork.vbproj", "{BC03649E-70FD-49AF-B181-D0945F76E5A5}"
EndProject
Global
	GlobalSection(SolutionConfigurationPlatforms) = preSolution
		Debug|Any CPU = Debug|Any CPU
		Release|Any CPU = Release|Any CPU
	EndGlobalSection
	GlobalSection(ProjectConfigurationPlatforms) = postSolution
		{BC03649E-70FD-49AF-B181-D0945F76E5A5}.Debug|Any CPU.ActiveCfg = Debug|Any CPU
		{BC03649E-70FD-49AF-B181-D0945F76E5A5}.Debug|Any CPU.Build.0 = Debug|Any CPU
		{BC03649E-70FD-49AF-B181-D0945F76E5A5}.Release|Any CPU.ActiveCfg = Release|Any CPU
		{BC03649E-70FD-49AF-B181-D0945F76E5A5}.Release|Any CPU.Build.0 = Release|Any CPU
	EndGlobalSection
	GlobalSection(SolutionProperties) = preSolution
		HideSolutionNode = FALSE
	EndGlobalSection
EndGlobal
