
Microsoft Visual Studio Solution File, Format Version 12.00
# Visual Studio 14
VisualStudioVersion = 14.0.25420.1
MinimumVisualStudioVersion = 10.0.40219.1
Project("{F184B08F-C81C-45F6-A57F-5ABD9991F28F}") = "bladuke_selectColors_ch4_classwork", "bladuke_selectColors_ch4_classwork\bladuke_selectColors_ch4_classwork.vbproj", "{FE0AD769-482D-4331-AA9F-2A2AEB4D4406}"
EndProject
Global
	GlobalSection(SolutionConfigurationPlatforms) = preSolution
		Debug|Any CPU = Debug|Any CPU
		Release|Any CPU = Release|Any CPU
	EndGlobalSection
	GlobalSection(ProjectConfigurationPlatforms) = postSolution
		{FE0AD769-482D-4331-AA9F-2A2AEB4D4406}.Debug|Any CPU.ActiveCfg = Debug|Any CPU
		{FE0AD769-482D-4331-AA9F-2A2AEB4D4406}.Debug|Any CPU.Build.0 = Debug|Any CPU
		{FE0AD769-482D-4331-AA9F-2A2AEB4D4406}.Release|Any CPU.ActiveCfg = Release|Any CPU
		{FE0AD769-482D-4331-AA9F-2A2AEB4D4406}.Release|Any CPU.Build.0 = Release|Any CPU
	EndGlobalSection
	GlobalSection(SolutionProperties) = preSolution
		HideSolutionNode = FALSE
	EndGlobalSection
EndGlobal
